// !$*UTF8*$!
{
	archiveVersion = 1;
	classes = {
	};
	objectVersion = 56;
	objects = {

/* Begin PBXBuildFile section */
		A6BE7AFE2BBBD920006EDF5D /* HomeView.swift in Sources */ = {isa = PBXBuildFile; fileRef = A6BE7AFD2BBBD920006EDF5D /* HomeView.swift */; };
		A6BE7B032BBBF176006EDF5D /* CardOut.swift in Sources */ = {isa = PBXBuildFile; fileRef = A6BE7B022BBBF176006EDF5D /* CardOut.swift */; };
		A6BE7B052BBC2492006EDF5D /* CardIn.swift in Sources */ = {isa = PBXBuildFile; fileRef = A6BE7B042BBC2492006EDF5D /* CardIn.swift */; };
		A6BE7B072BBC2512006EDF5D /* Back.swift in Sources */ = {isa = PBXBuildFile; fileRef = A6BE7B062BBC2512006EDF5D /* Back.swift */; };
		A6BE7B092BBC251A006EDF5D /* Forward.swift in Sources */ = {isa = PBXBuildFile; fileRef = A6BE7B082BBC251A006EDF5D /* Forward.swift */; };
		A6BE7B0B2BBC2964006EDF5D /* CardDestination.swift in Sources */ = {isa = PBXBuildFile; fileRef = A6BE7B0A2BBC2964006EDF5D /* CardDestination.swift */; };
		A6BE7B0F2BBCFBF2006EDF5D /* PickRuteView.swift in Sources */ = {isa = PBXBuildFile; fileRef = A6BE7B0E2BBCFBF2006EDF5D /* PickRuteView.swift */; };
		BFB97F2F2BBBC2B800F17431 /* SplashView.swift in Sources */ = {isa = PBXBuildFile; fileRef = BFB97F2E2BBBC2B800F17431 /* SplashView.swift */; };
		CD58C24F2BBBB255008D0911 /* pinionApp.swift in Sources */ = {isa = PBXBuildFile; fileRef = CD58C24E2BBBB255008D0911 /* pinionApp.swift */; };
		CD58C2512BBBB255008D0911 /* ContentView.swift in Sources */ = {isa = PBXBuildFile; fileRef = CD58C2502BBBB255008D0911 /* ContentView.swift */; };
		CD58C2532BBBB259008D0911 /* Assets.xcassets in Resources */ = {isa = PBXBuildFile; fileRef = CD58C2522BBBB259008D0911 /* Assets.xcassets */; };
		CD58C2562BBBB259008D0911 /* Preview Assets.xcassets in Resources */ = {isa = PBXBuildFile; fileRef = CD58C2552BBBB259008D0911 /* Preview Assets.xcassets */; };
		CD58C2602BBBB259008D0911 /* pinionTests.swift in Sources */ = {isa = PBXBuildFile; fileRef = CD58C25F2BBBB259008D0911 /* pinionTests.swift */; };
		CD58C26A2BBBB259008D0911 /* pinionUITests.swift in Sources */ = {isa = PBXBuildFile; fileRef = CD58C2692BBBB259008D0911 /* pinionUITests.swift */; };
		CD58C26C2BBBB259008D0911 /* pinionUITestsLaunchTests.swift in Sources */ = {isa = PBXBuildFile; fileRef = CD58C26B2BBBB259008D0911 /* pinionUITestsLaunchTests.swift */; };
/* End PBXBuildFile section */

/* Begin PBXContainerItemProxy section */
		CD58C25C2BBBB259008D0911 /* PBXContainerItemProxy */ = {
			isa = PBXContainerItemProxy;
			containerPortal = CD58C2432BBBB255008D0911 /* Project object */;
			proxyType = 1;
			remoteGlobalIDString = CD58C24A2BBBB255008D0911;
			remoteInfo = pinion;
		};
		CD58C2662BBBB259008D0911 /* PBXContainerItemProxy */ = {
			isa = PBXContainerItemProxy;
			containerPortal = CD58C2432BBBB255008D0911 /* Project object */;
			proxyType = 1;
			remoteGlobalIDString = CD58C24A2BBBB255008D0911;
			remoteInfo = pinion;
		};
/* End PBXContainerItemProxy section */

/* Begin PBXFileReference section */
		A6BE7AFD2BBBD920006EDF5D /* HomeView.swift */ = {isa = PBXFileReference; lastKnownFileType = sourcecode.swift; path = HomeView.swift; sourceTree = "<group>"; };
		A6BE7B022BBBF176006EDF5D /* CardOut.swift */ = {isa = PBXFileReference; lastKnownFileType = sourcecode.swift; path = CardOut.swift; sourceTree = "<group>"; };
		A6BE7B042BBC2492006EDF5D /* CardIn.swift */ = {isa = PBXFileReference; lastKnownFileType = sourcecode.swift; path = CardIn.swift; sourceTree = "<group>"; };
		A6BE7B062BBC2512006EDF5D /* Back.swift */ = {isa = PBXFileReference; lastKnownFileType = sourcecode.swift; path = Back.swift; sourceTree = "<group>"; };
		A6BE7B082BBC251A006EDF5D /* Forward.swift */ = {isa = PBXFileReference; lastKnownFileType = sourcecode.swift; path = Forward.swift; sourceTree = "<group>"; };
		A6BE7B0A2BBC2964006EDF5D /* CardDestination.swift */ = {isa = PBXFileReference; lastKnownFileType = sourcecode.swift; path = CardDestination.swift; sourceTree = "<group>"; };
		A6BE7B0E2BBCFBF2006EDF5D /* PickRuteView.swift */ = {isa = PBXFileReference; lastKnownFileType = sourcecode.swift; path = PickRuteView.swift; sourceTree = "<group>"; };
		BFB97F2E2BBBC2B800F17431 /* SplashView.swift */ = {isa = PBXFileReference; lastKnownFileType = sourcecode.swift; path = SplashView.swift; sourceTree = "<group>"; };
		CD58C24B2BBBB255008D0911 /* pinion.app */ = {isa = PBXFileReference; explicitFileType = wrapper.application; includeInIndex = 0; path = pinion.app; sourceTree = BUILT_PRODUCTS_DIR; };
		CD58C24E2BBBB255008D0911 /* pinionApp.swift */ = {isa = PBXFileReference; lastKnownFileType = sourcecode.swift; path = pinionApp.swift; sourceTree = "<group>"; };
		CD58C2502BBBB255008D0911 /* ContentView.swift */ = {isa = PBXFileReference; lastKnownFileType = sourcecode.swift; path = ContentView.swift; sourceTree = "<group>"; };
		CD58C2522BBBB259008D0911 /* Assets.xcassets */ = {isa = PBXFileReference; lastKnownFileType = folder.assetcatalog; path = Assets.xcassets; sourceTree = "<group>"; };
		CD58C2552BBBB259008D0911 /* Preview Assets.xcassets */ = {isa = PBXFileReference; lastKnownFileType = folder.assetcatalog; path = "Preview Assets.xcassets"; sourceTree = "<group>"; };
		CD58C25B2BBBB259008D0911 /* pinionTests.xctest */ = {isa = PBXFileReference; explicitFileType = wrapper.cfbundle; includeInIndex = 0; path = pinionTests.xctest; sourceTree = BUILT_PRODUCTS_DIR; };
		CD58C25F2BBBB259008D0911 /* pinionTests.swift */ = {isa = PBXFileReference; lastKnownFileType = sourcecode.swift; path = pinionTests.swift; sourceTree = "<group>"; };
		CD58C2652BBBB259008D0911 /* pinionUITests.xctest */ = {isa = PBXFileReference; explicitFileType = wrapper.cfbundle; includeInIndex = 0; path = pinionUITests.xctest; sourceTree = BUILT_PRODUCTS_DIR; };
		CD58C2692BBBB259008D0911 /* pinionUITests.swift */ = {isa = PBXFileReference; lastKnownFileType = sourcecode.swift; path = pinionUITests.swift; sourceTree = "<group>"; };
		CD58C26B2BBBB259008D0911 /* pinionUITestsLaunchTests.swift */ = {isa = PBXFileReference; lastKnownFileType = sourcecode.swift; path = pinionUITestsLaunchTests.swift; sourceTree = "<group>"; };
/* End PBXFileReference section */

/* Begin PBXFrameworksBuildPhase section */
		CD58C2482BBBB255008D0911 /* Frameworks */ = {
			isa = PBXFrameworksBuildPhase;
			buildActionMask = 2147483647;
			files = (
			);
			runOnlyForDeploymentPostprocessing = 0;
		};
		CD58C2582BBBB259008D0911 /* Frameworks */ = {
			isa = PBXFrameworksBuildPhase;
			buildActionMask = 2147483647;
			files = (
			);
			runOnlyForDeploymentPostprocessing = 0;
		};
		CD58C2622BBBB259008D0911 /* Frameworks */ = {
			isa = PBXFrameworksBuildPhase;
			buildActionMask = 2147483647;
			files = (
			);
			runOnlyForDeploymentPostprocessing = 0;
		};
/* End PBXFrameworksBuildPhase section */

/* Begin PBXGroup section */
		A6BE7AFF2BBBE3DB006EDF5D /* Component */ = {
			isa = PBXGroup;
			children = (
				A6BE7B022BBBF176006EDF5D /* CardOut.swift */,
				A6BE7B042BBC2492006EDF5D /* CardIn.swift */,
				A6BE7B062BBC2512006EDF5D /* Back.swift */,
				A6BE7B082BBC251A006EDF5D /* Forward.swift */,
				A6BE7B0A2BBC2964006EDF5D /* CardDestination.swift */,
			);
			path = Component;
			sourceTree = "<group>";
		};
		CD58C2422BBBB255008D0911 = {
			isa = PBXGroup;
			children = (
				CD58C24D2BBBB255008D0911 /* pinion */,
				CD58C25E2BBBB259008D0911 /* pinionTests */,
				CD58C2682BBBB259008D0911 /* pinionUITests */,
				CD58C24C2BBBB255008D0911 /* Products */,
			);
			sourceTree = "<group>";
		};
		CD58C24C2BBBB255008D0911 /* Products */ = {
			isa = PBXGroup;
			children = (
				CD58C24B2BBBB255008D0911 /* pinion.app */,
				CD58C25B2BBBB259008D0911 /* pinionTests.xctest */,
				CD58C2652BBBB259008D0911 /* pinionUITests.xctest */,
			);
			name = Products;
			sourceTree = "<group>";
		};
		CD58C24D2BBBB255008D0911 /* pinion */ = {
			isa = PBXGroup;
			children = (
				A6BE7AFF2BBBE3DB006EDF5D /* Component */,
				CD58C24E2BBBB255008D0911 /* pinionApp.swift */,
				CD58C2502BBBB255008D0911 /* ContentView.swift */,
				BFB97F2E2BBBC2B800F17431 /* SplashView.swift */,
				A6BE7B0E2BBCFBF2006EDF5D /* PickRuteView.swift */,
				A6BE7AFD2BBBD920006EDF5D /* HomeView.swift */,
				CD58C2522BBBB259008D0911 /* Assets.xcassets */,
				CD58C2542BBBB259008D0911 /* Preview Content */,
			);
			path = pinion;
			sourceTree = "<group>";
		};
		CD58C2542BBBB259008D0911 /* Preview Content */ = {
			isa = PBXGroup;
			children = (
				CD58C2552BBBB259008D0911 /* Preview Assets.xcassets */,
			);
			path = "Preview Content";
			sourceTree = "<group>";
		};
		CD58C25E2BBBB259008D0911 /* pinionTests */ = {
			isa = PBXGroup;
			children = (
				CD58C25F2BBBB259008D0911 /* pinionTests.swift */,
			);
			path = pinionTests;
			sourceTree = "<group>";
		};
		CD58C2682BBBB259008D0911 /* pinionUITests */ = {
			isa = PBXGroup;
			children = (
				CD58C2692BBBB259008D0911 /* pinionUITests.swift */,
				CD58C26B2BBBB259008D0911 /* pinionUITestsLaunchTests.swift */,
			);
			path = pinionUITests;
			sourceTree = "<group>";
		};
/* End PBXGroup section */

/* Begin PBXNativeTarget section */
		CD58C24A2BBBB255008D0911 /* pinion */ = {
			isa = PBXNativeTarget;
			buildConfigurationList = CD58C26F2BBBB259008D0911 /* Build configuration list for PBXNativeTarget "pinion" */;
			buildPhases = (
				CD58C2472BBBB255008D0911 /* Sources */,
				CD58C2482BBBB255008D0911 /* Frameworks */,
				CD58C2492BBBB255008D0911 /* Resources */,
			);
			buildRules = (
			);
			dependencies = (
			);
			name = pinion;
			productName = pinion;
			productReference = CD58C24B2BBBB255008D0911 /* pinion.app */;
			productType = "com.apple.product-type.application";
		};
		CD58C25A2BBBB259008D0911 /* pinionTests */ = {
			isa = PBXNativeTarget;
			buildConfigurationList = CD58C2722BBBB259008D0911 /* Build configuration list for PBXNativeTarget "pinionTests" */;
			buildPhases = (
				CD58C2572BBBB259008D0911 /* Sources */,
				CD58C2582BBBB259008D0911 /* Frameworks */,
				CD58C2592BBBB259008D0911 /* Resources */,
			);
			buildRules = (
			);
			dependencies = (
				CD58C25D2BBBB259008D0911 /* PBXTargetDependency */,
			);
			name = pinionTests;
			productName = pinionTests;
			productReference = CD58C25B2BBBB259008D0911 /* pinionTests.xctest */;
			productType = "com.apple.product-type.bundle.unit-test";
		};
		CD58C2642BBBB259008D0911 /* pinionUITests */ = {
			isa = PBXNativeTarget;
			buildConfigurationList = CD58C2752BBBB259008D0911 /* Build configuration list for PBXNativeTarget "pinionUITests" */;
			buildPhases = (
				CD58C2612BBBB259008D0911 /* Sources */,
				CD58C2622BBBB259008D0911 /* Frameworks */,
				CD58C2632BBBB259008D0911 /* Resources */,
			);
			buildRules = (
			);
			dependencies = (
				CD58C2672BBBB259008D0911 /* PBXTargetDependency */,
			);
			name = pinionUITests;
			productName = pinionUITests;
			productReference = CD58C2652BBBB259008D0911 /* pinionUITests.xctest */;
			productType = "com.apple.product-type.bundle.ui-testing";
		};
/* End PBXNativeTarget section */

/* Begin PBXProject section */
		CD58C2432BBBB255008D0911 /* Project object */ = {
			isa = PBXProject;
			attributes = {
				BuildIndependentTargetsInParallel = 1;
				LastSwiftUpdateCheck = 1520;
				LastUpgradeCheck = 1520;
				TargetAttributes = {
					CD58C24A2BBBB255008D0911 = {
						CreatedOnToolsVersion = 15.2;
					};
					CD58C25A2BBBB259008D0911 = {
						CreatedOnToolsVersion = 15.2;
						TestTargetID = CD58C24A2BBBB255008D0911;
					};
					CD58C2642BBBB259008D0911 = {
						CreatedOnToolsVersion = 15.2;
						TestTargetID = CD58C24A2BBBB255008D0911;
					};
				};
			};
			buildConfigurationList = CD58C2462BBBB255008D0911 /* Build configuration list for PBXProject "pinion" */;
			compatibilityVersion = "Xcode 14.0";
			developmentRegion = en;
			hasScannedForEncodings = 0;
			knownRegions = (
				en,
				Base,
			);
			mainGroup = CD58C2422BBBB255008D0911;
			productRefGroup = CD58C24C2BBBB255008D0911 /* Products */;
			projectDirPath = "";
			projectRoot = "";
			targets = (
				CD58C24A2BBBB255008D0911 /* pinion */,
				CD58C25A2BBBB259008D0911 /* pinionTests */,
				CD58C2642BBBB259008D0911 /* pinionUITests */,
			);
		};
/* End PBXProject section */

/* Begin PBXResourcesBuildPhase section */
		CD58C2492BBBB255008D0911 /* Resources */ = {
			isa = PBXResourcesBuildPhase;
			buildActionMask = 2147483647;
			files = (
				CD58C2562BBBB259008D0911 /* Preview Assets.xcassets in Resources */,
				CD58C2532BBBB259008D0911 /* Assets.xcassets in Resources */,
			);
			runOnlyForDeploymentPostprocessing = 0;
		};
		CD58C2592BBBB259008D0911 /* Resources */ = {
			isa = PBXResourcesBuildPhase;
			buildActionMask = 2147483647;
			files = (
			);
			runOnlyForDeploymentPostprocessing = 0;
		};
		CD58C2632BBBB259008D0911 /* Resources */ = {
			isa = PBXResourcesBuildPhase;
			buildActionMask = 2147483647;
			files = (
			);
			runOnlyForDeploymentPostprocessing = 0;
		};
/* End PBXResourcesBuildPhase section */

/* Begin PBXSourcesBuildPhase section */
		CD58C2472BBBB255008D0911 /* Sources */ = {
			isa = PBXSourcesBuildPhase;
			buildActionMask = 2147483647;
			files = (
				A6BE7B052BBC2492006EDF5D /* CardIn.swift in Sources */,
				A6BE7B0B2BBC2964006EDF5D /* CardDestination.swift in Sources */,
				BFB97F2F2BBBC2B800F17431 /* SplashView.swift in Sources */,
				CD58C2512BBBB255008D0911 /* ContentView.swift in Sources */,
				A6BE7AFE2BBBD920006EDF5D /* HomeView.swift in Sources */,
				CD58C24F2BBBB255008D0911 /* pinionApp.swift in Sources */,
				A6BE7B092BBC251A006EDF5D /* Forward.swift in Sources */,
				A6BE7B072BBC2512006EDF5D /* Back.swift in Sources */,
				A6BE7B032BBBF176006EDF5D /* CardOut.swift in Sources */,
				A6BE7B0F2BBCFBF2006EDF5D /* PickRuteView.swift in Sources */,
			);
			runOnlyForDeploymentPostprocessing = 0;
		};
		CD58C2572BBBB259008D0911 /* Sources */ = {
			isa = PBXSourcesBuildPhase;
			buildActionMask = 2147483647;
			files = (
				CD58C2602BBBB259008D0911 /* pinionTests.swift in Sources */,
			);
			runOnlyForDeploymentPostprocessing = 0;
		};
		CD58C2612BBBB259008D0911 /* Sources */ = {
			isa = PBXSourcesBuildPhase;
			buildActionMask = 2147483647;
			files = (
				CD58C26A2BBBB259008D0911 /* pinionUITests.swift in Sources */,
				CD58C26C2BBBB259008D0911 /* pinionUITestsLaunchTests.swift in Sources */,
			);
			runOnlyForDeploymentPostprocessing = 0;
		};
/* End PBXSourcesBuildPhase section */

/* Begin PBXTargetDependency section */
		CD58C25D2BBBB259008D0911 /* PBXTargetDependency */ = {
			isa = PBXTargetDependency;
			target = CD58C24A2BBBB255008D0911 /* pinion */;
			targetProxy = CD58C25C2BBBB259008D0911 /* PBXContainerItemProxy */;
		};
		CD58C2672BBBB259008D0911 /* PBXTargetDependency */ = {
			isa = PBXTargetDependency;
			target = CD58C24A2BBBB255008D0911 /* pinion */;
			targetProxy = CD58C2662BBBB259008D0911 /* PBXContainerItemProxy */;
		};
/* End PBXTargetDependency section */

/* Begin XCBuildConfiguration section */
		CD58C26D2BBBB259008D0911 /* Debug */ = {
			isa = XCBuildConfiguration;
			buildSettings = {
				ALWAYS_SEARCH_USER_PATHS = NO;
				ASSETCATALOG_COMPILER_GENERATE_SWIFT_ASSET_SYMBOL_EXTENSIONS = YES;
				CLANG_ANALYZER_NONNULL = YES;
				CLANG_ANALYZER_NUMBER_OBJECT_CONVERSION = YES_AGGRESSIVE;
				CLANG_CXX_LANGUAGE_STANDARD = "gnu++20";
				CLANG_ENABLE_MODULES = YES;
				CLANG_ENABLE_OBJC_ARC = YES;
				CLANG_ENABLE_OBJC_WEAK = YES;
				CLANG_WARN_BLOCK_CAPTURE_AUTORELEASING = YES;
				CLANG_WARN_BOOL_CONVERSION = YES;
				CLANG_WARN_COMMA = YES;
				CLANG_WARN_CONSTANT_CONVERSION = YES;
				CLANG_WARN_DEPRECATED_OBJC_IMPLEMENTATIONS = YES;
				CLANG_WARN_DIRECT_OBJC_ISA_USAGE = YES_ERROR;
				CLANG_WARN_DOCUMENTATION_COMMENTS = YES;
				CLANG_WARN_EMPTY_BODY = YES;
				CLANG_WARN_ENUM_CONVERSION = YES;
				CLANG_WARN_INFINITE_RECURSION = YES;
				CLANG_WARN_INT_CONVERSION = YES;
				CLANG_WARN_NON_LITERAL_NULL_CONVERSION = YES;
				CLANG_WARN_OBJC_IMPLICIT_RETAIN_SELF = YES;
				CLANG_WARN_OBJC_LITERAL_CONVERSION = YES;
				CLANG_WARN_OBJC_ROOT_CLASS = YES_ERROR;
				CLANG_WARN_QUOTED_INCLUDE_IN_FRAMEWORK_HEADER = YES;
				CLANG_WARN_RANGE_LOOP_ANALYSIS = YES;
				CLANG_WARN_STRICT_PROTOTYPES = YES;
				CLANG_WARN_SUSPICIOUS_MOVE = YES;
				CLANG_WARN_UNGUARDED_AVAILABILITY = YES_AGGRESSIVE;
				CLANG_WARN_UNREACHABLE_CODE = YES;
				CLANG_WARN__DUPLICATE_METHOD_MATCH = YES;
				COPY_PHASE_STRIP = NO;
				DEBUG_INFORMATION_FORMAT = dwarf;
				ENABLE_STRICT_OBJC_MSGSEND = YES;
				ENABLE_TESTABILITY = YES;
				ENABLE_USER_SCRIPT_SANDBOXING = YES;
				GCC_C_LANGUAGE_STANDARD = gnu17;
				GCC_DYNAMIC_NO_PIC = NO;
				GCC_NO_COMMON_BLOCKS = YES;
				GCC_OPTIMIZATION_LEVEL = 0;
				GCC_PREPROCESSOR_DEFINITIONS = (
					"DEBUG=1",
					"$(inherited)",
				);
				GCC_WARN_64_TO_32_BIT_CONVERSION = YES;
				GCC_WARN_ABOUT_RETURN_TYPE = YES_ERROR;
				GCC_WARN_UNDECLARED_SELECTOR = YES;
				GCC_WARN_UNINITIALIZED_AUTOS = YES_AGGRESSIVE;
				GCC_WARN_UNUSED_FUNCTION = YES;
				GCC_WARN_UNUSED_VARIABLE = YES;
				IPHONEOS_DEPLOYMENT_TARGET = 17.2;
				LOCALIZATION_PREFERS_STRING_CATALOGS = YES;
				MTL_ENABLE_DEBUG_INFO = INCLUDE_SOURCE;
				MTL_FAST_MATH = YES;
				ONLY_ACTIVE_ARCH = YES;
				SDKROOT = iphoneos;
				SWIFT_ACTIVE_COMPILATION_CONDITIONS = "DEBUG $(inherited)";
				SWIFT_OPTIMIZATION_LEVEL = "-Onone";
			};
			name = Debug;
		};
		CD58C26E2BBBB259008D0911 /* Release */ = {
			isa = XCBuildConfiguration;
			buildSettings = {
				ALWAYS_SEARCH_USER_PATHS = NO;
				ASSETCATALOG_COMPILER_GENERATE_SWIFT_ASSET_SYMBOL_EXTENSIONS = YES;
				CLANG_ANALYZER_NONNULL = YES;
				CLANG_ANALYZER_NUMBER_OBJECT_CONVERSION = YES_AGGRESSIVE;
				CLANG_CXX_LANGUAGE_STANDARD = "gnu++20";
				CLANG_ENABLE_MODULES = YES;
				CLANG_ENABLE_OBJC_ARC = YES;
				CLANG_ENABLE_OBJC_WEAK = YES;
				CLANG_WARN_BLOCK_CAPTURE_AUTORELEASING = YES;
				CLANG_WARN_BOOL_CONVERSION = YES;
				CLANG_WARN_COMMA = YES;
				CLANG_WARN_CONSTANT_CONVERSION = YES;
				CLANG_WARN_DEPRECATED_OBJC_IMPLEMENTATIONS = YES;
				CLANG_WARN_DIRECT_OBJC_ISA_USAGE = YES_ERROR;
				CLANG_WARN_DOCUMENTATION_COMMENTS = YES;
				CLANG_WARN_EMPTY_BODY = YES;
				CLANG_WARN_ENUM_CONVERSION = YES;
				CLANG_WARN_INFINITE_RECURSION = YES;
				CLANG_WARN_INT_CONVERSION = YES;
				CLANG_WARN_NON_LITERAL_NULL_CONVERSION = YES;
				CLANG_WARN_OBJC_IMPLICIT_RETAIN_SELF = YES;
				CLANG_WARN_OBJC_LITERAL_CONVERSION = YES;
				CLANG_WARN_OBJC_ROOT_CLASS = YES_ERROR;
				CLANG_WARN_QUOTED_INCLUDE_IN_FRAMEWORK_HEADER = YES;
				CLANG_WARN_RANGE_LOOP_ANALYSIS = YES;
				CLANG_WARN_STRICT_PROTOTYPES = YES;
				CLANG_WARN_SUSPICIOUS_MOVE = YES;
				CLANG_WARN_UNGUARDED_AVAILABILITY = YES_AGGRESSIVE;
				CLANG_WARN_UNREACHABLE_CODE = YES;
				CLANG_WARN__DUPLICATE_METHOD_MATCH = YES;
				COPY_PHASE_STRIP = NO;
				DEBUG_INFORMATION_FORMAT = "dwarf-with-dsym";
				ENABLE_NS_ASSERTIONS = NO;
				ENABLE_STRICT_OBJC_MSGSEND = YES;
				ENABLE_USER_SCRIPT_SANDBOXING = YES;
				GCC_C_LANGUAGE_STANDARD = gnu17;
				GCC_NO_COMMON_BLOCKS = YES;
				GCC_WARN_64_TO_32_BIT_CONVERSION = YES;
				GCC_WARN_ABOUT_RETURN_TYPE = YES_ERROR;
				GCC_WARN_UNDECLARED_SELECTOR = YES;
				GCC_WARN_UNINITIALIZED_AUTOS = YES_AGGRESSIVE;
				GCC_WARN_UNUSED_FUNCTION = YES;
				GCC_WARN_UNUSED_VARIABLE = YES;
				IPHONEOS_DEPLOYMENT_TARGET = 17.2;
				LOCALIZATION_PREFERS_STRING_CATALOGS = YES;
				MTL_ENABLE_DEBUG_INFO = NO;
				MTL_FAST_MATH = YES;
				SDKROOT = iphoneos;
				SWIFT_COMPILATION_MODE = wholemodule;
				VALIDATE_PRODUCT = YES;
			};
			name = Release;
		};
		CD58C2702BBBB259008D0911 /* Debug */ = {
			isa = XCBuildConfiguration;
			buildSettings = {
				ASSETCATALOG_COMPILER_APPICON_NAME = AppIcon;
				ASSETCATALOG_COMPILER_GLOBAL_ACCENT_COLOR_NAME = AccentColor;
				CODE_SIGN_STYLE = Automatic;
				CURRENT_PROJECT_VERSION = 1;
				DEVELOPMENT_ASSET_PATHS = "\"pinion/Preview Content\"";
				DEVELOPMENT_TEAM = M73B4W9D68;
				ENABLE_PREVIEWS = YES;
				GENERATE_INFOPLIST_FILE = YES;
				INFOPLIST_KEY_UIApplicationSceneManifest_Generation = YES;
				INFOPLIST_KEY_UIApplicationSupportsIndirectInputEvents = YES;
				INFOPLIST_KEY_UILaunchScreen_Generation = YES;
				INFOPLIST_KEY_UISupportedInterfaceOrientations_iPad = "UIInterfaceOrientationPortrait UIInterfaceOrientationPortraitUpsideDown UIInterfaceOrientationLandscapeLeft UIInterfaceOrientationLandscapeRight";
				INFOPLIST_KEY_UISupportedInterfaceOrientations_iPhone = "UIInterfaceOrientationPortrait UIInterfaceOrientationLandscapeLeft UIInterfaceOrientationLandscapeRight";
				LD_RUNPATH_SEARCH_PATHS = (
					"$(inherited)",
					"@executable_path/Frameworks",
				);
				MARKETING_VERSION = 1.0;
				PRODUCT_BUNDLE_IDENTIFIER = com.jasonsus.pinion;
				PRODUCT_NAME = "$(TARGET_NAME)";
				SWIFT_EMIT_LOC_STRINGS = YES;
				SWIFT_VERSION = 5.0;
				TARGETED_DEVICE_FAMILY = "1,2";
			};
			name = Debug;
		};
		CD58C2712BBBB259008D0911 /* Release */ = {
			isa = XCBuildConfiguration;
			buildSettings = {
				ASSETCATALOG_COMPILER_APPICON_NAME = AppIcon;
				ASSETCATALOG_COMPILER_GLOBAL_ACCENT_COLOR_NAME = AccentColor;
				CODE_SIGN_STYLE = Automatic;
				CURRENT_PROJECT_VERSION = 1;
				DEVELOPMENT_ASSET_PATHS = "\"pinion/Preview Content\"";
				DEVELOPMENT_TEAM = M73B4W9D68;
				ENABLE_PREVIEWS = YES;
				GENERATE_INFOPLIST_FILE = YES;
				INFOPLIST_KEY_UIApplicationSceneManifest_Generation = YES;
				INFOPLIST_KEY_UIApplicationSupportsIndirectInputEvents = YES;
				INFOPLIST_KEY_UILaunchScreen_Generation = YES;
				INFOPLIST_KEY_UISupportedInterfaceOrientations_iPad = "UIInterfaceOrientationPortrait UIInterfaceOrientationPortraitUpsideDown UIInterfaceOrientationLandscapeLeft UIInterfaceOrientationLandscapeRight";
				INFOPLIST_KEY_UISupportedInterfaceOrientations_iPhone = "UIInterfaceOrientationPortrait UIInterfaceOrientationLandscapeLeft UIInterfaceOrientationLandscapeRight";
				LD_RUNPATH_SEARCH_PATHS = (
					"$(inherited)",
					"@executable_path/Frameworks",
				);
				MARKETING_VERSION = 1.0;
				PRODUCT_BUNDLE_IDENTIFIER = com.jasonsus.pinion;
				PRODUCT_NAME = "$(TARGET_NAME)";
				SWIFT_EMIT_LOC_STRINGS = YES;
				SWIFT_VERSION = 5.0;
				TARGETED_DEVICE_FAMILY = "1,2";
			};
			name = Release;
		};
		CD58C2732BBBB259008D0911 /* Debug */ = {
			isa = XCBuildConfiguration;
			buildSettings = {
				ALWAYS_EMBED_SWIFT_STANDARD_LIBRARIES = YES;
				BUNDLE_LOADER = "$(TEST_HOST)";
				CODE_SIGN_STYLE = Automatic;
				CURRENT_PROJECT_VERSION = 1;
				DEVELOPMENT_TEAM = M73B4W9D68;
				GENERATE_INFOPLIST_FILE = YES;
				IPHONEOS_DEPLOYMENT_TARGET = 17.2;
				MARKETING_VERSION = 1.0;
				PRODUCT_BUNDLE_IDENTIFIER = com.jasonsus.pinionTests;
				PRODUCT_NAME = "$(TARGET_NAME)";
				SWIFT_EMIT_LOC_STRINGS = NO;
				SWIFT_VERSION = 5.0;
				TARGETED_DEVICE_FAMILY = "1,2";
				TEST_HOST = "$(BUILT_PRODUCTS_DIR)/pinion.app/$(BUNDLE_EXECUTABLE_FOLDER_PATH)/pinion";
			};
			name = Debug;
		};
		CD58C2742BBBB259008D0911 /* Release */ = {
			isa = XCBuildConfiguration;
			buildSettings = {
				ALWAYS_EMBED_SWIFT_STANDARD_LIBRARIES = YES;
				BUNDLE_LOADER = "$(TEST_HOST)";
				CODE_SIGN_STYLE = Automatic;
				CURRENT_PROJECT_VERSION = 1;
				DEVELOPMENT_TEAM = M73B4W9D68;
				GENERATE_INFOPLIST_FILE = YES;
				IPHONEOS_DEPLOYMENT_TARGET = 17.2;
				MARKETING_VERSION = 1.0;
				PRODUCT_BUNDLE_IDENTIFIER = com.jasonsus.pinionTests;
				PRODUCT_NAME = "$(TARGET_NAME)";
				SWIFT_EMIT_LOC_STRINGS = NO;
				SWIFT_VERSION = 5.0;
				TARGETED_DEVICE_FAMILY = "1,2";
				TEST_HOST = "$(BUILT_PRODUCTS_DIR)/pinion.app/$(BUNDLE_EXECUTABLE_FOLDER_PATH)/pinion";
			};
			name = Release;
		};
		CD58C2762BBBB259008D0911 /* Debug */ = {
			isa = XCBuildConfiguration;
			buildSettings = {
				ALWAYS_EMBED_SWIFT_STANDARD_LIBRARIES = YES;
				CODE_SIGN_STYLE = Automatic;
				CURRENT_PROJECT_VERSION = 1;
				DEVELOPMENT_TEAM = M73B4W9D68;
				GENERATE_INFOPLIST_FILE = YES;
				MARKETING_VERSION = 1.0;
				PRODUCT_BUNDLE_IDENTIFIER = com.jasonsus.pinionUITests;
				PRODUCT_NAME = "$(TARGET_NAME)";
				SWIFT_EMIT_LOC_STRINGS = NO;
				SWIFT_VERSION = 5.0;
				TARGETED_DEVICE_FAMILY = "1,2";
				TEST_TARGET_NAME = pinion;
			};
			name = Debug;
		};
		CD58C2772BBBB259008D0911 /* Release */ = {
			isa = XCBuildConfiguration;
			buildSettings = {
				ALWAYS_EMBED_SWIFT_STANDARD_LIBRARIES = YES;
				CODE_SIGN_STYLE = Automatic;
				CURRENT_PROJECT_VERSION = 1;
				DEVELOPMENT_TEAM = M73B4W9D68;
				GENERATE_INFOPLIST_FILE = YES;
				MARKETING_VERSION = 1.0;
				PRODUCT_BUNDLE_IDENTIFIER = com.jasonsus.pinionUITests;
				PRODUCT_NAME = "$(TARGET_NAME)";
				SWIFT_EMIT_LOC_STRINGS = NO;
				SWIFT_VERSION = 5.0;
				TARGETED_DEVICE_FAMILY = "1,2";
				TEST_TARGET_NAME = pinion;
			};
			name = Release;
		};
/* End XCBuildConfiguration section */

/* Begin XCConfigurationList section */
		CD58C2462BBBB255008D0911 /* Build configuration list for PBXProject "pinion" */ = {
			isa = XCConfigurationList;
			buildConfigurations = (
				CD58C26D2BBBB259008D0911 /* Debug */,
				CD58C26E2BBBB259008D0911 /* Release */,
			);
			defaultConfigurationIsVisible = 0;
			defaultConfigurationName = Release;
		};
		CD58C26F2BBBB259008D0911 /* Build configuration list for PBXNativeTarget "pinion" */ = {
			isa = XCConfigurationList;
			buildConfigurations = (
				CD58C2702BBBB259008D0911 /* Debug */,
				CD58C2712BBBB259008D0911 /* Release */,
			);
			defaultConfigurationIsVisible = 0;
			defaultConfigurationName = Release;
		};
		CD58C2722BBBB259008D0911 /* Build configuration list for PBXNativeTarget "pinionTests" */ = {
			isa = XCConfigurationList;
			buildConfigurations = (
				CD58C2732BBBB259008D0911 /* Debug */,
				CD58C2742BBBB259008D0911 /* Release */,
			);
			defaultConfigurationIsVisible = 0;
			defaultConfigurationName = Release;
		};
		CD58C2752BBBB259008D0911 /* Build configuration list for PBXNativeTarget "pinionUITests" */ = {
			isa = XCConfigurationList;
			buildConfigurations = (
				CD58C2762BBBB259008D0911 /* Debug */,
				CD58C2772BBBB259008D0911 /* Release */,
			);
			defaultConfigurationIsVisible = 0;
			defaultConfigurationName = Release;
		};
/* End XCConfigurationList section */
	};
	rootObject = CD58C2432BBBB255008D0911 /* Project object */;
}
